// !$*UTF8*$!
{
	archiveVersion = 1;
	classes = {
	};
	objectVersion = 50;
	objects = {

/* Begin PBXBuildFile section */
		0227154322A9F344004B7EBE /* AppDelegate.swift in Sources */ = {isa = PBXBuildFile; fileRef = 0227154222A9F344004B7EBE /* AppDelegate.swift */; };
		0227154522A9F344004B7EBE /* SceneDelegate.swift in Sources */ = {isa = PBXBuildFile; fileRef = 0227154422A9F344004B7EBE /* SceneDelegate.swift */; };
		0227154722A9F344004B7EBE /* ContentView.swift in Sources */ = {isa = PBXBuildFile; fileRef = 0227154622A9F344004B7EBE /* ContentView.swift */; };
		0227154922A9F349004B7EBE /* Assets.xcassets in Resources */ = {isa = PBXBuildFile; fileRef = 0227154822A9F349004B7EBE /* Assets.xcassets */; };
		0227154C22A9F349004B7EBE /* Preview Assets.xcassets in Resources */ = {isa = PBXBuildFile; fileRef = 0227154B22A9F349004B7EBE /* Preview Assets.xcassets */; };
		0227154F22A9F349004B7EBE /* LaunchScreen.storyboard in Resources */ = {isa = PBXBuildFile; fileRef = 0227154D22A9F349004B7EBE /* LaunchScreen.storyboard */; };
/* End PBXBuildFile section */

/* Begin PBXFileReference section */
		0227153F22A9F344004B7EBE /* Dynamic_List_SwiftUI.app */ = {isa = PBXFileReference; explicitFileType = wrapper.application; includeInIndex = 0; path = Dynamic_List_SwiftUI.app; sourceTree = BUILT_PRODUCTS_DIR; };
		0227154222A9F344004B7EBE /* AppDelegate.swift */ = {isa = PBXFileReference; lastKnownFileType = sourcecode.swift; path = AppDelegate.swift; sourceTree = "<group>"; };
		0227154422A9F344004B7EBE /* SceneDelegate.swift */ = {isa = PBXFileReference; lastKnownFileType = sourcecode.swift; path = SceneDelegate.swift; sourceTree = "<group>"; };
		0227154622A9F344004B7EBE /* ContentView.swift */ = {isa = PBXFileReference; lastKnownFileType = sourcecode.swift; path = ContentView.swift; sourceTree = "<group>"; };
		0227154822A9F349004B7EBE /* Assets.xcassets */ = {isa = PBXFileReference; lastKnownFileType = folder.assetcatalog; path = Assets.xcassets; sourceTree = "<group>"; };
		0227154B22A9F349004B7EBE /* Preview Assets.xcassets */ = {isa = PBXFileReference; lastKnownFileType = folder.assetcatalog; path = "Preview Assets.xcassets"; sourceTree = "<group>"; };
		0227154E22A9F349004B7EBE /* Base */ = {isa = PBXFileReference; lastKnownFileType = file.storyboard; name = Base; path = Base.lproj/LaunchScreen.storyboard; sourceTree = "<group>"; };
		0227155022A9F349004B7EBE /* Info.plist */ = {isa = PBXFileReference; lastKnownFileType = text.plist.xml; path = Info.plist; sourceTree = "<group>"; };
/* End PBXFileReference section */

/* Begin PBXFrameworksBuildPhase section */
		0227153C22A9F344004B7EBE /* Frameworks */ = {
			isa = PBXFrameworksBuildPhase;
			buildActionMask = 2147483647;
			files = (
			);
			runOnlyForDeploymentPostprocessing = 0;
		};
/* End PBXFrameworksBuildPhase section */

/* Begin PBXGroup section */
		0227153622A9F344004B7EBE = {
			isa = PBXGroup;
			children = (
				0227154122A9F344004B7EBE /* Dynamic_List_SwiftUI */,
				0227154022A9F344004B7EBE /* Products */,
			);
			sourceTree = "<group>";
		};
		0227154022A9F344004B7EBE /* Products */ = {
			isa = PBXGroup;
			children = (
				0227153F22A9F344004B7EBE /* Dynamic_List_SwiftUI.app */,
			);
			name = Products;
			sourceTree = "<group>";
		};
		0227154122A9F344004B7EBE /* Dynamic_List_SwiftUI */ = {
			isa = PBXGroup;
			children = (
				0227154222A9F344004B7EBE /* AppDelegate.swift */,
				0227154422A9F344004B7EBE /* SceneDelegate.swift */,
				0227154622A9F344004B7EBE /* ContentView.swift */,
				0227154822A9F349004B7EBE /* Assets.xcassets */,
				0227154D22A9F349004B7EBE /* LaunchScreen.storyboard */,
				0227155022A9F349004B7EBE /* Info.plist */,
				0227154A22A9F349004B7EBE /* Preview Content */,
			);
			path = Dynamic_List_SwiftUI;
			sourceTree = "<group>";
		};
		0227154A22A9F349004B7EBE /* Preview Content */ = {
			isa = PBXGroup;
			children = (
				0227154B22A9F349004B7EBE /* Preview Assets.xcassets */,
			);
			path = "Preview Content";
			sourceTree = "<group>";
		};
/* End PBXGroup section */

/* Begin PBXNativeTarget section */
		0227153E22A9F344004B7EBE /* Dynamic_List_SwiftUI */ = {
			isa = PBXNativeTarget;
			buildConfigurationList = 0227155322A9F349004B7EBE /* Build configuration list for PBXNativeTarget "Dynamic_List_SwiftUI" */;
			buildPhases = (
				0227153B22A9F344004B7EBE /* Sources */,
				0227153C22A9F344004B7EBE /* Frameworks */,
				0227153D22A9F344004B7EBE /* Resources */,
			);
			buildRules = (
			);
			dependencies = (
			);
			name = Dynamic_List_SwiftUI;
			productName = Dynamic_List_SwiftUI;
			productReference = 0227153F22A9F344004B7EBE /* Dynamic_List_SwiftUI.app */;
			productType = "com.apple.product-type.application";
		};
/* End PBXNativeTarget section */

/* Begin PBXProject section */
		0227153722A9F344004B7EBE /* Project object */ = {
			isa = PBXProject;
			attributes = {
				LastSwiftUpdateCheck = 1100;
				LastUpgradeCheck = 1100;
				ORGANIZATIONNAME = "Efren Abraham Tavarez";
				TargetAttributes = {
					0227153E22A9F344004B7EBE = {
						CreatedOnToolsVersion = 11.0;
					};
				};
			};
			buildConfigurationList = 0227153A22A9F344004B7EBE /* Build configuration list for PBXProject "Dynamic_List_SwiftUI" */;
			compatibilityVersion = "Xcode 9.3";
			developmentRegion = en;
			hasScannedForEncodings = 0;
			knownRegions = (
				en,
				Base,
			);
			mainGroup = 0227153622A9F344004B7EBE;
			productRefGroup = 0227154022A9F344004B7EBE /* Products */;
			projectDirPath = "";
			projectRoot = "";
			targets = (
				0227153E22A9F344004B7EBE /* Dynamic_List_SwiftUI */,
			);
		};
/* End PBXProject section */

/* Begin PBXResourcesBuildPhase section */
		0227153D22A9F344004B7EBE /* Resources */ = {
			isa = PBXResourcesBuildPhase;
			buildActionMask = 2147483647;
			files = (
				0227154F22A9F349004B7EBE /* LaunchScreen.storyboard in Resources */,
				0227154C22A9F349004B7EBE /* Preview Assets.xcassets in Resources */,
				0227154922A9F349004B7EBE /* Assets.xcassets in Resources */,
			);
			runOnlyForDeploymentPostprocessing = 0;
		};
/* End PBXResourcesBuildPhase section */

/* Begin PBXSourcesBuildPhase section */
		0227153B22A9F344004B7EBE /* Sources */ = {
			isa = PBXSourcesBuildPhase;
			buildActionMask = 2147483647;
			files = (
				0227154322A9F344004B7EBE /* AppDelegate.swift in Sources */,
				0227154522A9F344004B7EBE /* SceneDelegate.swift in Sources */,
				0227154722A9F344004B7EBE /* ContentView.swift in Sources */,
			);
			runOnlyForDeploymentPostprocessing = 0;
		};
/* End PBXSourcesBuildPhase section */

/* Begin PBXVariantGroup section */
		0227154D22A9F349004B7EBE /* LaunchScreen.storyboard */ = {
			isa = PBXVariantGroup;
			children = (
				0227154E22A9F349004B7EBE /* Base */,
			);
			name = LaunchScreen.storyboard;
			sourceTree = "<group>";
		};
/* End PBXVariantGroup section */

/* Begin XCBuildConfiguration section */
		0227155122A9F349004B7EBE /* Debug */ = {
			isa = XCBuildConfiguration;
			buildSettings = {
				ALWAYS_SEARCH_USER_PATHS = NO;
				CLANG_ANALYZER_NONNULL = YES;
				CLANG_ANALYZER_NUMBER_OBJECT_CONVERSION = YES_AGGRESSIVE;
				CLANG_CXX_LANGUAGE_STANDARD = "gnu++14";
				CLANG_CXX_LIBRARY = "libc++";
				CLANG_ENABLE_MODULES = YES;
				CLANG_ENABLE_OBJC_ARC = YES;
				CLANG_ENABLE_OBJC_WEAK = YES;
				CLANG_WARN_BLOCK_CAPTURE_AUTORELEASING = YES;
				CLANG_WARN_BOOL_CONVERSION = YES;
				CLANG_WARN_COMMA = YES;
				CLANG_WARN_CONSTANT_CONVERSION = YES;
				CLANG_WARN_DEPRECATED_OBJC_IMPLEMENTATIONS = YES;
				CLANG_WARN_DIRECT_OBJC_ISA_USAGE = YES_ERROR;
				CLANG_WARN_DOCUMENTATION_COMMENTS = YES;
				CLANG_WARN_EMPTY_BODY = YES;
				CLANG_WARN_ENUM_CONVERSION = YES;
				CLANG_WARN_INFINITE_RECURSION = YES;
				CLANG_WARN_INT_CONVERSION = YES;
				CLANG_WARN_NON_LITERAL_NULL_CONVERSION = YES;
				CLANG_WARN_OBJC_IMPLICIT_RETAIN_SELF = YES;
				CLANG_WARN_OBJC_LITERAL_CONVERSION = YES;
				CLANG_WARN_OBJC_ROOT_CLASS = YES_ERROR;
				CLANG_WARN_RANGE_LOOP_ANALYSIS = YES;
				CLANG_WARN_STRICT_PROTOTYPES = YES;
				CLANG_WARN_SUSPICIOUS_MOVE = YES;
				CLANG_WARN_UNGUARDED_AVAILABILITY = YES_AGGRESSIVE;
				CLANG_WARN_UNREACHABLE_CODE = YES;
				CLANG_WARN__DUPLICATE_METHOD_MATCH = YES;
				COPY_PHASE_STRIP = NO;
				DEBUG_INFORMATION_FORMAT = dwarf;
				ENABLE_STRICT_OBJC_MSGSEND = YES;
				ENABLE_TESTABILITY = YES;
				GCC_C_LANGUAGE_STANDARD = gnu11;
				GCC_DYNAMIC_NO_PIC = NO;
				GCC_NO_COMMON_BLOCKS = YES;
				GCC_OPTIMIZATION_LEVEL = 0;
				GCC_PREPROCESSOR_DEFINITIONS = (
					"DEBUG=1",
					"$(inherited)",
				);
				GCC_WARN_64_TO_32_BIT_CONVERSION = YES;
				GCC_WARN_ABOUT_RETURN_TYPE = YES_ERROR;
				GCC_WARN_UNDECLARED_SELECTOR = YES;
				GCC_WARN_UNINITIALIZED_AUTOS = YES_AGGRESSIVE;
				GCC_WARN_UNUSED_FUNCTION = YES;
				GCC_WARN_UNUSED_VARIABLE = YES;
				IPHONEOS_DEPLOYMENT_TARGET = 13.0;
				MTL_ENABLE_DEBUG_INFO = INCLUDE_SOURCE;
				MTL_FAST_MATH = YES;
				ONLY_ACTIVE_ARCH = YES;
				SDKROOT = iphoneos;
				SWIFT_ACTIVE_COMPILATION_CONDITIONS = DEBUG;
				SWIFT_OPTIMIZATION_LEVEL = "-Onone";
			};
			name = Debug;
		};
		0227155222A9F349004B7EBE /* Release */ = {
			isa = XCBuildConfiguration;
			buildSettings = {
				ALWAYS_SEARCH_USER_PATHS = NO;
				CLANG_ANALYZER_NONNULL = YES;
				CLANG_ANALYZER_NUMBER_OBJECT_CONVERSION = YES_AGGRESSIVE;
				CLANG_CXX_LANGUAGE_STANDARD = "gnu++14";
				CLANG_CXX_LIBRARY = "libc++";
				CLANG_ENABLE_MODULES = YES;
				CLANG_ENABLE_OBJC_ARC = YES;
				CLANG_ENABLE_OBJC_WEAK = YES;
				CLANG_WARN_BLOCK_CAPTURE_AUTORELEASING = YES;
				CLANG_WARN_BOOL_CONVERSION = YES;
				CLANG_WARN_COMMA = YES;
				CLANG_WARN_CONSTANT_CONVERSION = YES;
				CLANG_WARN_DEPRECATED_OBJC_IMPLEMENTATIONS = YES;
				CLANG_WARN_DIRECT_OBJC_ISA_USAGE = YES_ERROR;
				CLANG_WARN_DOCUMENTATION_COMMENTS = YES;
				CLANG_WARN_EMPTY_BODY = YES;
				CLANG_WARN_ENUM_CONVERSION = YES;
				CLANG_WARN_INFINITE_RECURSION = YES;
				CLANG_WARN_INT_CONVERSION = YES;
				CLANG_WARN_NON_LITERAL_NULL_CONVERSION = YES;
				CLANG_WARN_OBJC_IMPLICIT_RETAIN_SELF = YES;
				CLANG_WARN_OBJC_LITERAL_CONVERSION = YES;
				CLANG_WARN_OBJC_ROOT_CLASS = YES_ERROR;
				CLANG_WARN_RANGE_LOOP_ANALYSIS = YES;
				CLANG_WARN_STRICT_PROTOTYPES = YES;
				CLANG_WARN_SUSPICIOUS_MOVE = YES;
				CLANG_WARN_UNGUARDED_AVAILABILITY = YES_AGGRESSIVE;
				CLANG_WARN_UNREACHABLE_CODE = YES;
				CLANG_WARN__DUPLICATE_METHOD_MATCH = YES;
				COPY_PHASE_STRIP = NO;
				DEBUG_INFORMATION_FORMAT = "dwarf-with-dsym";
				ENABLE_NS_ASSERTIONS = NO;
				ENABLE_STRICT_OBJC_MSGSEND = YES;
				GCC_C_LANGUAGE_STANDARD = gnu11;
				GCC_NO_COMMON_BLOCKS = YES;
				GCC_WARN_64_TO_32_BIT_CONVERSION = YES;
				GCC_WARN_ABOUT_RETURN_TYPE = YES_ERROR;
				GCC_WARN_UNDECLARED_SELECTOR = YES;
				GCC_WARN_UNINITIALIZED_AUTOS = YES_AGGRESSIVE;
				GCC_WARN_UNUSED_FUNCTION = YES;
				GCC_WARN_UNUSED_VARIABLE = YES;
				IPHONEOS_DEPLOYMENT_TARGET = 13.0;
				MTL_ENABLE_DEBUG_INFO = NO;
				MTL_FAST_MATH = YES;
				SDKROOT = iphoneos;
				SWIFT_COMPILATION_MODE = wholemodule;
				SWIFT_OPTIMIZATION_LEVEL = "-O";
				VALIDATE_PRODUCT = YES;
			};
			name = Release;
		};
		0227155422A9F349004B7EBE /* Debug */ = {
			isa = XCBuildConfiguration;
			buildSettings = {
				ASSETCATALOG_COMPILER_APPICON_NAME = AppIcon;
				CODE_SIGN_STYLE = Automatic;
				DEVELOPMENT_ASSET_PATHS = "Dynamic_List_SwiftUI/Preview\\ Content";
				DEVELOPMENT_TEAM = XQ9Z8K7G25;
				ENABLE_PREVIEWS = YES;
				INFOPLIST_FILE = Dynamic_List_SwiftUI/Info.plist;
				LD_RUNPATH_SEARCH_PATHS = (
					"$(inherited)",
					"@executable_path/Frameworks",
				);
				PRODUCT_BUNDLE_IDENTIFIER = "com.abe-dev.io.Dynamic-List-SwiftUI";
				PRODUCT_NAME = "$(TARGET_NAME)";
				SWIFT_VERSION = 5.0;
				TARGETED_DEVICE_FAMILY = "1,2";
			};
			name = Debug;
		};
		0227155522A9F349004B7EBE /* Release */ = {
			isa = XCBuildConfiguration;
			buildSettings = {
				ASSETCATALOG_COMPILER_APPICON_NAME = AppIcon;
				CODE_SIGN_STYLE = Automatic;
				DEVELOPMENT_ASSET_PATHS = "Dynamic_List_SwiftUI/Preview\\ Content";
				DEVELOPMENT_TEAM = XQ9Z8K7G25;
				ENABLE_PREVIEWS = YES;
				INFOPLIST_FILE = Dynamic_List_SwiftUI/Info.plist;
				LD_RUNPATH_SEARCH_PATHS = (
					"$(inherited)",
					"@executable_path/Frameworks",
				);
				PRODUCT_BUNDLE_IDENTIFIER = "com.abe-dev.io.Dynamic-List-SwiftUI";
				PRODUCT_NAME = "$(TARGET_NAME)";
				SWIFT_VERSION = 5.0;
				TARGETED_DEVICE_FAMILY = "1,2";
			};
			name = Release;
		};
/* End XCBuildConfiguration section */

/* Begin XCConfigurationList section */
		0227153A22A9F344004B7EBE /* Build configuration list for PBXProject "Dynamic_List_SwiftUI" */ = {
			isa = XCConfigurationList;
			buildConfigurations = (
				0227155122A9F349004B7EBE /* Debug */,
				0227155222A9F349004B7EBE /* Release */,
			);
			defaultConfigurationIsVisible = 0;
			defaultConfigurationName = Release;
		};
		0227155322A9F349004B7EBE /* Build configuration list for PBXNativeTarget "Dynamic_List_SwiftUI" */ = {
			isa = XCConfigurationList;
			buildConfigurations = (
				0227155422A9F349004B7EBE /* Debug */,
				0227155522A9F349004B7EBE /* Release */,
			);
			defaultConfigurationIsVisible = 0;
			defaultConfigurationName = Release;
		};
/* End XCConfigurationList section */
	};
	rootObject = 0227153722A9F344004B7EBE /* Project object */;
}
